
Microsoft Visual Studio Solution File, Format Version 12.00
# Visual Studio Version 17
VisualStudioVersion = 17.5.33530.505
MinimumVisualStudioVersion = 10.0.40219.1
Project("{FAE04EC0-301F-11D3-BF4B-00C04F79EFBC}") = "Lab#c_1", "Lab#c_1.csproj", "{B00B26EC-1250-4364-83DA-79F9BD853A6F}"
EndProject
Global
	GlobalSection(SolutionConfigurationPlatforms) = preSolution
		Debug|Any CPU = Debug|Any CPU
		Release|Any CPU = Release|Any CPU
	EndGlobalSection
	GlobalSection(ProjectConfigurationPlatforms) = postSolution
		{B00B26EC-1250-4364-83DA-79F9BD853A6F}.Debug|Any CPU.ActiveCfg = Debug|Any CPU
		{B00B26EC-1250-4364-83DA-79F9BD853A6F}.Debug|Any CPU.Build.0 = Debug|Any CPU
		{B00B26EC-1250-4364-83DA-79F9BD853A6F}.Release|Any CPU.ActiveCfg = Release|Any CPU
		{B00B26EC-1250-4364-83DA-79F9BD853A6F}.Release|Any CPU.Build.0 = Release|Any CPU
	EndGlobalSection
	GlobalSection(SolutionProperties) = preSolution
		HideSolutionNode = FALSE
	EndGlobalSection
	GlobalSection(ExtensibilityGlobals) = postSolution
		SolutionGuid = {AB665904-43D8-42B5-B358-EE7403411D57}
	EndGlobalSection
EndGlobal
